
Microsoft Visual Studio Solution File, Format Version 12.00
# Visual Studio Version 16
VisualStudioVersion = 16.0.34902.97
MinimumVisualStudioVersion = 10.0.40219.1
Project("{FAE04EC0-301F-11D3-BF4B-00C04F79EFBC}") = "WebDemo", "WebDemo\WebDemo.csproj", "{FE50A57E-EA82-4CE7-814C-9AC13C9C397F}"
EndProject
Global
	GlobalSection(SolutionConfigurationPlatforms) = preSolution
		Debug|Any CPU = Debug|Any CPU
		Release|Any CPU = Release|Any CPU
	EndGlobalSection
	GlobalSection(ProjectConfigurationPlatforms) = postSolution
		{FE50A57E-EA82-4CE7-814C-9AC13C9C397F}.Debug|Any CPU.ActiveCfg = Debug|Any CPU
		{FE50A57E-EA82-4CE7-814C-9AC13C9C397F}.Debug|Any CPU.Build.0 = Debug|Any CPU
		{FE50A57E-EA82-4CE7-814C-9AC13C9C397F}.Release|Any CPU.ActiveCfg = Release|Any CPU
		{FE50A57E-EA82-4CE7-814C-9AC13C9C397F}.Release|Any CPU.Build.0 = Release|Any CPU
	EndGlobalSection
	GlobalSection(SolutionProperties) = preSolution
		HideSolutionNode = FALSE
	EndGlobalSection
	GlobalSection(ExtensibilityGlobals) = postSolution
		SolutionGuid = {ADCB6271-A243-42DD-804D-B838E8F1B891}
	EndGlobalSection
EndGlobal
